
Microsoft Visual Studio Solution File, Format Version 12.00
# Visual Studio Version 17
VisualStudioVersion = 17.5.002.0
MinimumVisualStudioVersion = 10.0.40219.1
Project("{9A19103F-16F7-4668-BE54-9A1E7A4F7556}") = "HelloWordAndrei", "HelloWordAndrei.csproj", "{436F4943-5484-418F-8BE5-6A769BF0486B}"
EndProject
Global
	GlobalSection(SolutionConfigurationPlatforms) = preSolution
		Debug|Any CPU = Debug|Any CPU
		Release|Any CPU = Release|Any CPU
	EndGlobalSection
	GlobalSection(ProjectConfigurationPlatforms) = postSolution
		{436F4943-5484-418F-8BE5-6A769BF0486B}.Debug|Any CPU.ActiveCfg = Debug|Any CPU
		{436F4943-5484-418F-8BE5-6A769BF0486B}.Debug|Any CPU.Build.0 = Debug|Any CPU
		{436F4943-5484-418F-8BE5-6A769BF0486B}.Release|Any CPU.ActiveCfg = Release|Any CPU
		{436F4943-5484-418F-8BE5-6A769BF0486B}.Release|Any CPU.Build.0 = Release|Any CPU
	EndGlobalSection
	GlobalSection(SolutionProperties) = preSolution
		HideSolutionNode = FALSE
	EndGlobalSection
	GlobalSection(ExtensibilityGlobals) = postSolution
		SolutionGuid = {18985E51-F3F8-4ED7-A68F-8F343284041A}
	EndGlobalSection
EndGlobal
